
Microsoft Visual Studio Solution File, Format Version 12.00
# Visual Studio 15
VisualStudioVersion = 15.0.27004.2009
MinimumVisualStudioVersion = 10.0.40219.1
Project("{FAE04EC0-301F-11D3-BF4B-00C04F79EFBC}") = "Dzakuma.MicroserviceMockup.UI.MoviePreferences", "Dzakuma.MicroserviceMockup.UI.MoviePreferences\Dzakuma.MicroserviceMockup.UI.MoviePreferences.csproj", "{1C76E87A-960C-4001-A91B-BD6CBC66FE37}"
EndProject
Project("{FAE04EC0-301F-11D3-BF4B-00C04F79EFBC}") = "Dzakuma.MicroserviceMockup.UI.MoviePreferencesTests", "Dzakuma.MicroserviceMockup.UI.MoviePreferencesTests\Dzakuma.MicroserviceMockup.UI.MoviePreferencesTests.csproj", "{6E905D06-E1A0-40EF-B9A0-0828287427E8}"
EndProject
Global
	GlobalSection(SolutionConfigurationPlatforms) = preSolution
		Debug|Any CPU = Debug|Any CPU
		Release|Any CPU = Release|Any CPU
	EndGlobalSection
	GlobalSection(ProjectConfigurationPlatforms) = postSolution
		{1C76E87A-960C-4001-A91B-BD6CBC66FE37}.Debug|Any CPU.ActiveCfg = Debug|Any CPU
		{1C76E87A-960C-4001-A91B-BD6CBC66FE37}.Debug|Any CPU.Build.0 = Debug|Any CPU
		{1C76E87A-960C-4001-A91B-BD6CBC66FE37}.Release|Any CPU.ActiveCfg = Release|Any CPU
		{1C76E87A-960C-4001-A91B-BD6CBC66FE37}.Release|Any CPU.Build.0 = Release|Any CPU
		{6E905D06-E1A0-40EF-B9A0-0828287427E8}.Debug|Any CPU.ActiveCfg = Debug|Any CPU
		{6E905D06-E1A0-40EF-B9A0-0828287427E8}.Debug|Any CPU.Build.0 = Debug|Any CPU
		{6E905D06-E1A0-40EF-B9A0-0828287427E8}.Release|Any CPU.ActiveCfg = Release|Any CPU
		{6E905D06-E1A0-40EF-B9A0-0828287427E8}.Release|Any CPU.Build.0 = Release|Any CPU
	EndGlobalSection
	GlobalSection(SolutionProperties) = preSolution
		HideSolutionNode = FALSE
	EndGlobalSection
	GlobalSection(ExtensibilityGlobals) = postSolution
		SolutionGuid = {55F8D8F2-CD91-46A6-836D-ADA65409B9CE}
	EndGlobalSection
EndGlobal
